// !$*UTF8*$!
{
	archiveVersion = 1;
	classes = {
	};
	objectVersion = 56;
	objects = {

/* Begin PBXBuildFile section */
		5FCC56D929E5A2AD00739AE4 /* SwiftUI_JournalApp.swift in Sources */ = {isa = PBXBuildFile; fileRef = 5FCC56D829E5A2AD00739AE4 /* SwiftUI_JournalApp.swift */; };
		5FCC56DB29E5A2AD00739AE4 /* ContentView.swift in Sources */ = {isa = PBXBuildFile; fileRef = 5FCC56DA29E5A2AD00739AE4 /* ContentView.swift */; };
		5FCC56DD29E5A2AF00739AE4 /* Assets.xcassets in Resources */ = {isa = PBXBuildFile; fileRef = 5FCC56DC29E5A2AF00739AE4 /* Assets.xcassets */; };
		5FCC56E029E5A2AF00739AE4 /* Preview Assets.xcassets in Resources */ = {isa = PBXBuildFile; fileRef = 5FCC56DF29E5A2AF00739AE4 /* Preview Assets.xcassets */; };
		5FCC56EA29E5A2AF00739AE4 /* SwiftUI_JournalTests.swift in Sources */ = {isa = PBXBuildFile; fileRef = 5FCC56E929E5A2AF00739AE4 /* SwiftUI_JournalTests.swift */; };
		5FCC56F429E5A2AF00739AE4 /* SwiftUI_JournalUITests.swift in Sources */ = {isa = PBXBuildFile; fileRef = 5FCC56F329E5A2AF00739AE4 /* SwiftUI_JournalUITests.swift */; };
		5FCC56F629E5A2AF00739AE4 /* SwiftUI_JournalUITestsLaunchTests.swift in Sources */ = {isa = PBXBuildFile; fileRef = 5FCC56F529E5A2AF00739AE4 /* SwiftUI_JournalUITestsLaunchTests.swift */; };
		5FCC570329E5A4B800739AE4 /* JournalEntry.swift in Sources */ = {isa = PBXBuildFile; fileRef = 5FCC570229E5A4B800739AE4 /* JournalEntry.swift */; };
		5FCC570729E5A90600739AE4 /* JournalEntryView.swift in Sources */ = {isa = PBXBuildFile; fileRef = 5FCC570629E5A90600739AE4 /* JournalEntryView.swift */; };
		5FCC570929E5AE3B00739AE4 /* JournalViewModel.swift in Sources */ = {isa = PBXBuildFile; fileRef = 5FCC570829E5AE3B00739AE4 /* JournalViewModel.swift */; };
/* End PBXBuildFile section */

/* Begin PBXContainerItemProxy section */
		5FCC56E629E5A2AF00739AE4 /* PBXContainerItemProxy */ = {
			isa = PBXContainerItemProxy;
			containerPortal = 5FCC56CD29E5A2AD00739AE4 /* Project object */;
			proxyType = 1;
			remoteGlobalIDString = 5FCC56D429E5A2AD00739AE4;
			remoteInfo = "SwiftUI-Journal";
		};
		5FCC56F029E5A2AF00739AE4 /* PBXContainerItemProxy */ = {
			isa = PBXContainerItemProxy;
			containerPortal = 5FCC56CD29E5A2AD00739AE4 /* Project object */;
			proxyType = 1;
			remoteGlobalIDString = 5FCC56D429E5A2AD00739AE4;
			remoteInfo = "SwiftUI-Journal";
		};
/* End PBXContainerItemProxy section */

/* Begin PBXFileReference section */
		5FCC56D529E5A2AD00739AE4 /* SwiftUI-Journal.app */ = {isa = PBXFileReference; explicitFileType = wrapper.application; includeInIndex = 0; path = "SwiftUI-Journal.app"; sourceTree = BUILT_PRODUCTS_DIR; };
		5FCC56D829E5A2AD00739AE4 /* SwiftUI_JournalApp.swift */ = {isa = PBXFileReference; lastKnownFileType = sourcecode.swift; path = SwiftUI_JournalApp.swift; sourceTree = "<group>"; };
		5FCC56DA29E5A2AD00739AE4 /* ContentView.swift */ = {isa = PBXFileReference; lastKnownFileType = sourcecode.swift; path = ContentView.swift; sourceTree = "<group>"; };
		5FCC56DC29E5A2AF00739AE4 /* Assets.xcassets */ = {isa = PBXFileReference; lastKnownFileType = folder.assetcatalog; path = Assets.xcassets; sourceTree = "<group>"; };
		5FCC56DF29E5A2AF00739AE4 /* Preview Assets.xcassets */ = {isa = PBXFileReference; lastKnownFileType = folder.assetcatalog; path = "Preview Assets.xcassets"; sourceTree = "<group>"; };
		5FCC56E529E5A2AF00739AE4 /* SwiftUI-JournalTests.xctest */ = {isa = PBXFileReference; explicitFileType = wrapper.cfbundle; includeInIndex = 0; path = "SwiftUI-JournalTests.xctest"; sourceTree = BUILT_PRODUCTS_DIR; };
		5FCC56E929E5A2AF00739AE4 /* SwiftUI_JournalTests.swift */ = {isa = PBXFileReference; lastKnownFileType = sourcecode.swift; path = SwiftUI_JournalTests.swift; sourceTree = "<group>"; };
		5FCC56EF29E5A2AF00739AE4 /* SwiftUI-JournalUITests.xctest */ = {isa = PBXFileReference; explicitFileType = wrapper.cfbundle; includeInIndex = 0; path = "SwiftUI-JournalUITests.xctest"; sourceTree = BUILT_PRODUCTS_DIR; };
		5FCC56F329E5A2AF00739AE4 /* SwiftUI_JournalUITests.swift */ = {isa = PBXFileReference; lastKnownFileType = sourcecode.swift; path = SwiftUI_JournalUITests.swift; sourceTree = "<group>"; };
		5FCC56F529E5A2AF00739AE4 /* SwiftUI_JournalUITestsLaunchTests.swift */ = {isa = PBXFileReference; lastKnownFileType = sourcecode.swift; path = SwiftUI_JournalUITestsLaunchTests.swift; sourceTree = "<group>"; };
		5FCC570229E5A4B800739AE4 /* JournalEntry.swift */ = {isa = PBXFileReference; lastKnownFileType = sourcecode.swift; path = JournalEntry.swift; sourceTree = "<group>"; };
		5FCC570629E5A90600739AE4 /* JournalEntryView.swift */ = {isa = PBXFileReference; lastKnownFileType = sourcecode.swift; path = JournalEntryView.swift; sourceTree = "<group>"; };
		5FCC570829E5AE3B00739AE4 /* JournalViewModel.swift */ = {isa = PBXFileReference; lastKnownFileType = sourcecode.swift; path = JournalViewModel.swift; sourceTree = "<group>"; };
/* End PBXFileReference section */

/* Begin PBXFrameworksBuildPhase section */
		5FCC56D229E5A2AD00739AE4 /* Frameworks */ = {
			isa = PBXFrameworksBuildPhase;
			buildActionMask = 2147483647;
			files = (
			);
			runOnlyForDeploymentPostprocessing = 0;
		};
		5FCC56E229E5A2AF00739AE4 /* Frameworks */ = {
			isa = PBXFrameworksBuildPhase;
			buildActionMask = 2147483647;
			files = (
			);
			runOnlyForDeploymentPostprocessing = 0;
		};
		5FCC56EC29E5A2AF00739AE4 /* Frameworks */ = {
			isa = PBXFrameworksBuildPhase;
			buildActionMask = 2147483647;
			files = (
			);
			runOnlyForDeploymentPostprocessing = 0;
		};
/* End PBXFrameworksBuildPhase section */

/* Begin PBXGroup section */
		5FCC56CC29E5A2AD00739AE4 = {
			isa = PBXGroup;
			children = (
				5FCC56D729E5A2AD00739AE4 /* SwiftUI-Journal */,
				5FCC56E829E5A2AF00739AE4 /* SwiftUI-JournalTests */,
				5FCC56F229E5A2AF00739AE4 /* SwiftUI-JournalUITests */,
				5FCC56D629E5A2AD00739AE4 /* Products */,
			);
			sourceTree = "<group>";
		};
		5FCC56D629E5A2AD00739AE4 /* Products */ = {
			isa = PBXGroup;
			children = (
				5FCC56D529E5A2AD00739AE4 /* SwiftUI-Journal.app */,
				5FCC56E529E5A2AF00739AE4 /* SwiftUI-JournalTests.xctest */,
				5FCC56EF29E5A2AF00739AE4 /* SwiftUI-JournalUITests.xctest */,
			);
			name = Products;
			sourceTree = "<group>";
		};
		5FCC56D729E5A2AD00739AE4 /* SwiftUI-Journal */ = {
			isa = PBXGroup;
			children = (
				5FCC56D829E5A2AD00739AE4 /* SwiftUI_JournalApp.swift */,
				5FCC56DA29E5A2AD00739AE4 /* ContentView.swift */,
				5FCC56DC29E5A2AF00739AE4 /* Assets.xcassets */,
				5FCC56DE29E5A2AF00739AE4 /* Preview Content */,
				5FCC570229E5A4B800739AE4 /* JournalEntry.swift */,
				5FCC570629E5A90600739AE4 /* JournalEntryView.swift */,
				5FCC570829E5AE3B00739AE4 /* JournalViewModel.swift */,
			);
			path = "SwiftUI-Journal";
			sourceTree = "<group>";
		};
		5FCC56DE29E5A2AF00739AE4 /* Preview Content */ = {
			isa = PBXGroup;
			children = (
				5FCC56DF29E5A2AF00739AE4 /* Preview Assets.xcassets */,
			);
			path = "Preview Content";
			sourceTree = "<group>";
		};
		5FCC56E829E5A2AF00739AE4 /* SwiftUI-JournalTests */ = {
			isa = PBXGroup;
			children = (
				5FCC56E929E5A2AF00739AE4 /* SwiftUI_JournalTests.swift */,
			);
			path = "SwiftUI-JournalTests";
			sourceTree = "<group>";
		};
		5FCC56F229E5A2AF00739AE4 /* SwiftUI-JournalUITests */ = {
			isa = PBXGroup;
			children = (
				5FCC56F329E5A2AF00739AE4 /* SwiftUI_JournalUITests.swift */,
				5FCC56F529E5A2AF00739AE4 /* SwiftUI_JournalUITestsLaunchTests.swift */,
			);
			path = "SwiftUI-JournalUITests";
			sourceTree = "<group>";
		};
/* End PBXGroup section */

/* Begin PBXNativeTarget section */
		5FCC56D429E5A2AD00739AE4 /* SwiftUI-Journal */ = {
			isa = PBXNativeTarget;
			buildConfigurationList = 5FCC56F929E5A2AF00739AE4 /* Build configuration list for PBXNativeTarget "SwiftUI-Journal" */;
			buildPhases = (
				5FCC56D129E5A2AD00739AE4 /* Sources */,
				5FCC56D229E5A2AD00739AE4 /* Frameworks */,
				5FCC56D329E5A2AD00739AE4 /* Resources */,
			);
			buildRules = (
			);
			dependencies = (
			);
			name = "SwiftUI-Journal";
			productName = "SwiftUI-Journal";
			productReference = 5FCC56D529E5A2AD00739AE4 /* SwiftUI-Journal.app */;
			productType = "com.apple.product-type.application";
		};
		5FCC56E429E5A2AF00739AE4 /* SwiftUI-JournalTests */ = {
			isa = PBXNativeTarget;
			buildConfigurationList = 5FCC56FC29E5A2AF00739AE4 /* Build configuration list for PBXNativeTarget "SwiftUI-JournalTests" */;
			buildPhases = (
				5FCC56E129E5A2AF00739AE4 /* Sources */,
				5FCC56E229E5A2AF00739AE4 /* Frameworks */,
				5FCC56E329E5A2AF00739AE4 /* Resources */,
			);
			buildRules = (
			);
			dependencies = (
				5FCC56E729E5A2AF00739AE4 /* PBXTargetDependency */,
			);
			name = "SwiftUI-JournalTests";
			productName = "SwiftUI-JournalTests";
			productReference = 5FCC56E529E5A2AF00739AE4 /* SwiftUI-JournalTests.xctest */;
			productType = "com.apple.product-type.bundle.unit-test";
		};
		5FCC56EE29E5A2AF00739AE4 /* SwiftUI-JournalUITests */ = {
			isa = PBXNativeTarget;
			buildConfigurationList = 5FCC56FF29E5A2AF00739AE4 /* Build configuration list for PBXNativeTarget "SwiftUI-JournalUITests" */;
			buildPhases = (
				5FCC56EB29E5A2AF00739AE4 /* Sources */,
				5FCC56EC29E5A2AF00739AE4 /* Frameworks */,
				5FCC56ED29E5A2AF00739AE4 /* Resources */,
			);
			buildRules = (
			);
			dependencies = (
				5FCC56F129E5A2AF00739AE4 /* PBXTargetDependency */,
			);
			name = "SwiftUI-JournalUITests";
			productName = "SwiftUI-JournalUITests";
			productReference = 5FCC56EF29E5A2AF00739AE4 /* SwiftUI-JournalUITests.xctest */;
			productType = "com.apple.product-type.bundle.ui-testing";
		};
/* End PBXNativeTarget section */

/* Begin PBXProject section */
		5FCC56CD29E5A2AD00739AE4 /* Project object */ = {
			isa = PBXProject;
			attributes = {
				BuildIndependentTargetsInParallel = 1;
				LastSwiftUpdateCheck = 1430;
				LastUpgradeCheck = 1430;
				TargetAttributes = {
					5FCC56D429E5A2AD00739AE4 = {
						CreatedOnToolsVersion = 14.3;
					};
					5FCC56E429E5A2AF00739AE4 = {
						CreatedOnToolsVersion = 14.3;
						TestTargetID = 5FCC56D429E5A2AD00739AE4;
					};
					5FCC56EE29E5A2AF00739AE4 = {
						CreatedOnToolsVersion = 14.3;
						TestTargetID = 5FCC56D429E5A2AD00739AE4;
					};
				};
			};
			buildConfigurationList = 5FCC56D029E5A2AD00739AE4 /* Build configuration list for PBXProject "SwiftUI-Journal" */;
			compatibilityVersion = "Xcode 14.0";
			developmentRegion = en;
			hasScannedForEncodings = 0;
			knownRegions = (
				en,
				Base,
			);
			mainGroup = 5FCC56CC29E5A2AD00739AE4;
			productRefGroup = 5FCC56D629E5A2AD00739AE4 /* Products */;
			projectDirPath = "";
			projectRoot = "";
			targets = (
				5FCC56D429E5A2AD00739AE4 /* SwiftUI-Journal */,
				5FCC56E429E5A2AF00739AE4 /* SwiftUI-JournalTests */,
				5FCC56EE29E5A2AF00739AE4 /* SwiftUI-JournalUITests */,
			);
		};
/* End PBXProject section */

/* Begin PBXResourcesBuildPhase section */
		5FCC56D329E5A2AD00739AE4 /* Resources */ = {
			isa = PBXResourcesBuildPhase;
			buildActionMask = 2147483647;
			files = (
				5FCC56E029E5A2AF00739AE4 /* Preview Assets.xcassets in Resources */,
				5FCC56DD29E5A2AF00739AE4 /* Assets.xcassets in Resources */,
			);
			runOnlyForDeploymentPostprocessing = 0;
		};
		5FCC56E329E5A2AF00739AE4 /* Resources */ = {
			isa = PBXResourcesBuildPhase;
			buildActionMask = 2147483647;
			files = (
			);
			runOnlyForDeploymentPostprocessing = 0;
		};
		5FCC56ED29E5A2AF00739AE4 /* Resources */ = {
			isa = PBXResourcesBuildPhase;
			buildActionMask = 2147483647;
			files = (
			);
			runOnlyForDeploymentPostprocessing = 0;
		};
/* End PBXResourcesBuildPhase section */

/* Begin PBXSourcesBuildPhase section */
		5FCC56D129E5A2AD00739AE4 /* Sources */ = {
			isa = PBXSourcesBuildPhase;
			buildActionMask = 2147483647;
			files = (
				5FCC570329E5A4B800739AE4 /* JournalEntry.swift in Sources */,
				5FCC570729E5A90600739AE4 /* JournalEntryView.swift in Sources */,
				5FCC570929E5AE3B00739AE4 /* JournalViewModel.swift in Sources */,
				5FCC56DB29E5A2AD00739AE4 /* ContentView.swift in Sources */,
				5FCC56D929E5A2AD00739AE4 /* SwiftUI_JournalApp.swift in Sources */,
			);
			runOnlyForDeploymentPostprocessing = 0;
		};
		5FCC56E129E5A2AF00739AE4 /* Sources */ = {
			isa = PBXSourcesBuildPhase;
			buildActionMask = 2147483647;
			files = (
				5FCC56EA29E5A2AF00739AE4 /* SwiftUI_JournalTests.swift in Sources */,
			);
			runOnlyForDeploymentPostprocessing = 0;
		};
		5FCC56EB29E5A2AF00739AE4 /* Sources */ = {
			isa = PBXSourcesBuildPhase;
			buildActionMask = 2147483647;
			files = (
				5FCC56F629E5A2AF00739AE4 /* SwiftUI_JournalUITestsLaunchTests.swift in Sources */,
				5FCC56F429E5A2AF00739AE4 /* SwiftUI_JournalUITests.swift in Sources */,
			);
			runOnlyForDeploymentPostprocessing = 0;
		};
/* End PBXSourcesBuildPhase section */

/* Begin PBXTargetDependency section */
		5FCC56E729E5A2AF00739AE4 /* PBXTargetDependency */ = {
			isa = PBXTargetDependency;
			target = 5FCC56D429E5A2AD00739AE4 /* SwiftUI-Journal */;
			targetProxy = 5FCC56E629E5A2AF00739AE4 /* PBXContainerItemProxy */;
		};
		5FCC56F129E5A2AF00739AE4 /* PBXTargetDependency */ = {
			isa = PBXTargetDependency;
			target = 5FCC56D429E5A2AD00739AE4 /* SwiftUI-Journal */;
			targetProxy = 5FCC56F029E5A2AF00739AE4 /* PBXContainerItemProxy */;
		};
/* End PBXTargetDependency section */

/* Begin XCBuildConfiguration section */
		5FCC56F729E5A2AF00739AE4 /* Debug */ = {
			isa = XCBuildConfiguration;
			buildSettings = {
				ALWAYS_SEARCH_USER_PATHS = NO;
				CLANG_ANALYZER_NONNULL = YES;
				CLANG_ANALYZER_NUMBER_OBJECT_CONVERSION = YES_AGGRESSIVE;
				CLANG_CXX_LANGUAGE_STANDARD = "gnu++20";
				CLANG_ENABLE_MODULES = YES;
				CLANG_ENABLE_OBJC_ARC = YES;
				CLANG_ENABLE_OBJC_WEAK = YES;
				CLANG_WARN_BLOCK_CAPTURE_AUTORELEASING = YES;
				CLANG_WARN_BOOL_CONVERSION = YES;
				CLANG_WARN_COMMA = YES;
				CLANG_WARN_CONSTANT_CONVERSION = YES;
				CLANG_WARN_DEPRECATED_OBJC_IMPLEMENTATIONS = YES;
				CLANG_WARN_DIRECT_OBJC_ISA_USAGE = YES_ERROR;
				CLANG_WARN_DOCUMENTATION_COMMENTS = YES;
				CLANG_WARN_EMPTY_BODY = YES;
				CLANG_WARN_ENUM_CONVERSION = YES;
				CLANG_WARN_INFINITE_RECURSION = YES;
				CLANG_WARN_INT_CONVERSION = YES;
				CLANG_WARN_NON_LITERAL_NULL_CONVERSION = YES;
				CLANG_WARN_OBJC_IMPLICIT_RETAIN_SELF = YES;
				CLANG_WARN_OBJC_LITERAL_CONVERSION = YES;
				CLANG_WARN_OBJC_ROOT_CLASS = YES_ERROR;
				CLANG_WARN_QUOTED_INCLUDE_IN_FRAMEWORK_HEADER = YES;
				CLANG_WARN_RANGE_LOOP_ANALYSIS = YES;
				CLANG_WARN_STRICT_PROTOTYPES = YES;
				CLANG_WARN_SUSPICIOUS_MOVE = YES;
				CLANG_WARN_UNGUARDED_AVAILABILITY = YES_AGGRESSIVE;
				CLANG_WARN_UNREACHABLE_CODE = YES;
				CLANG_WARN__DUPLICATE_METHOD_MATCH = YES;
				COPY_PHASE_STRIP = NO;
				DEBUG_INFORMATION_FORMAT = dwarf;
				ENABLE_STRICT_OBJC_MSGSEND = YES;
				ENABLE_TESTABILITY = YES;
				GCC_C_LANGUAGE_STANDARD = gnu11;
				GCC_DYNAMIC_NO_PIC = NO;
				GCC_NO_COMMON_BLOCKS = YES;
				GCC_OPTIMIZATION_LEVEL = 0;
				GCC_PREPROCESSOR_DEFINITIONS = (
					"DEBUG=1",
					"$(inherited)",
				);
				GCC_WARN_64_TO_32_BIT_CONVERSION = YES;
				GCC_WARN_ABOUT_RETURN_TYPE = YES_ERROR;
				GCC_WARN_UNDECLARED_SELECTOR = YES;
				GCC_WARN_UNINITIALIZED_AUTOS = YES_AGGRESSIVE;
				GCC_WARN_UNUSED_FUNCTION = YES;
				GCC_WARN_UNUSED_VARIABLE = YES;
				IPHONEOS_DEPLOYMENT_TARGET = 16.4;
				MTL_ENABLE_DEBUG_INFO = INCLUDE_SOURCE;
				MTL_FAST_MATH = YES;
				ONLY_ACTIVE_ARCH = YES;
				SDKROOT = iphoneos;
				SWIFT_ACTIVE_COMPILATION_CONDITIONS = DEBUG;
				SWIFT_OPTIMIZATION_LEVEL = "-Onone";
			};
			name = Debug;
		};
		5FCC56F829E5A2AF00739AE4 /* Release */ = {
			isa = XCBuildConfiguration;
			buildSettings = {
				ALWAYS_SEARCH_USER_PATHS = NO;
				CLANG_ANALYZER_NONNULL = YES;
				CLANG_ANALYZER_NUMBER_OBJECT_CONVERSION = YES_AGGRESSIVE;
				CLANG_CXX_LANGUAGE_STANDARD = "gnu++20";
				CLANG_ENABLE_MODULES = YES;
				CLANG_ENABLE_OBJC_ARC = YES;
				CLANG_ENABLE_OBJC_WEAK = YES;
				CLANG_WARN_BLOCK_CAPTURE_AUTORELEASING = YES;
				CLANG_WARN_BOOL_CONVERSION = YES;
				CLANG_WARN_COMMA = YES;
				CLANG_WARN_CONSTANT_CONVERSION = YES;
				CLANG_WARN_DEPRECATED_OBJC_IMPLEMENTATIONS = YES;
				CLANG_WARN_DIRECT_OBJC_ISA_USAGE = YES_ERROR;
				CLANG_WARN_DOCUMENTATION_COMMENTS = YES;
				CLANG_WARN_EMPTY_BODY = YES;
				CLANG_WARN_ENUM_CONVERSION = YES;
				CLANG_WARN_INFINITE_RECURSION = YES;
				CLANG_WARN_INT_CONVERSION = YES;
				CLANG_WARN_NON_LITERAL_NULL_CONVERSION = YES;
				CLANG_WARN_OBJC_IMPLICIT_RETAIN_SELF = YES;
				CLANG_WARN_OBJC_LITERAL_CONVERSION = YES;
				CLANG_WARN_OBJC_ROOT_CLASS = YES_ERROR;
				CLANG_WARN_QUOTED_INCLUDE_IN_FRAMEWORK_HEADER = YES;
				CLANG_WARN_RANGE_LOOP_ANALYSIS = YES;
				CLANG_WARN_STRICT_PROTOTYPES = YES;
				CLANG_WARN_SUSPICIOUS_MOVE = YES;
				CLANG_WARN_UNGUARDED_AVAILABILITY = YES_AGGRESSIVE;
				CLANG_WARN_UNREACHABLE_CODE = YES;
				CLANG_WARN__DUPLICATE_METHOD_MATCH = YES;
				COPY_PHASE_STRIP = NO;
				DEBUG_INFORMATION_FORMAT = "dwarf-with-dsym";
				ENABLE_NS_ASSERTIONS = NO;
				ENABLE_STRICT_OBJC_MSGSEND = YES;
				GCC_C_LANGUAGE_STANDARD = gnu11;
				GCC_NO_COMMON_BLOCKS = YES;
				GCC_WARN_64_TO_32_BIT_CONVERSION = YES;
				GCC_WARN_ABOUT_RETURN_TYPE = YES_ERROR;
				GCC_WARN_UNDECLARED_SELECTOR = YES;
				GCC_WARN_UNINITIALIZED_AUTOS = YES_AGGRESSIVE;
				GCC_WARN_UNUSED_FUNCTION = YES;
				GCC_WARN_UNUSED_VARIABLE = YES;
				IPHONEOS_DEPLOYMENT_TARGET = 16.4;
				MTL_ENABLE_DEBUG_INFO = NO;
				MTL_FAST_MATH = YES;
				SDKROOT = iphoneos;
				SWIFT_COMPILATION_MODE = wholemodule;
				SWIFT_OPTIMIZATION_LEVEL = "-O";
				VALIDATE_PRODUCT = YES;
			};
			name = Release;
		};
		5FCC56FA29E5A2AF00739AE4 /* Debug */ = {
			isa = XCBuildConfiguration;
			buildSettings = {
				ASSETCATALOG_COMPILER_APPICON_NAME = AppIcon;
				ASSETCATALOG_COMPILER_GLOBAL_ACCENT_COLOR_NAME = AccentColor;
				CODE_SIGN_STYLE = Automatic;
				CURRENT_PROJECT_VERSION = 1;
				DEVELOPMENT_ASSET_PATHS = "\"SwiftUI-Journal/Preview Content\"";
				ENABLE_PREVIEWS = YES;
				GENERATE_INFOPLIST_FILE = YES;
				INFOPLIST_KEY_UIApplicationSceneManifest_Generation = YES;
				INFOPLIST_KEY_UIApplicationSupportsIndirectInputEvents = YES;
				INFOPLIST_KEY_UILaunchScreen_Generation = YES;
				INFOPLIST_KEY_UISupportedInterfaceOrientations_iPad = "UIInterfaceOrientationPortrait UIInterfaceOrientationPortraitUpsideDown UIInterfaceOrientationLandscapeLeft UIInterfaceOrientationLandscapeRight";
				INFOPLIST_KEY_UISupportedInterfaceOrientations_iPhone = "UIInterfaceOrientationPortrait UIInterfaceOrientationLandscapeLeft UIInterfaceOrientationLandscapeRight";
				LD_RUNPATH_SEARCH_PATHS = (
					"$(inherited)",
					"@executable_path/Frameworks",
				);
				MARKETING_VERSION = 1.0;
				PRODUCT_BUNDLE_IDENTIFIER = "com.example.SwiftUI-Journal";
				PRODUCT_NAME = "$(TARGET_NAME)";
				SWIFT_EMIT_LOC_STRINGS = YES;
				SWIFT_VERSION = 5.0;
				TARGETED_DEVICE_FAMILY = "1,2";
			};
			name = Debug;
		};
		5FCC56FB29E5A2AF00739AE4 /* Release */ = {
			isa = XCBuildConfiguration;
			buildSettings = {
				ASSETCATALOG_COMPILER_APPICON_NAME = AppIcon;
				ASSETCATALOG_COMPILER_GLOBAL_ACCENT_COLOR_NAME = AccentColor;
				CODE_SIGN_STYLE = Automatic;
				CURRENT_PROJECT_VERSION = 1;
				DEVELOPMENT_ASSET_PATHS = "\"SwiftUI-Journal/Preview Content\"";
				ENABLE_PREVIEWS = YES;
				GENERATE_INFOPLIST_FILE = YES;
				INFOPLIST_KEY_UIApplicationSceneManifest_Generation = YES;
				INFOPLIST_KEY_UIApplicationSupportsIndirectInputEvents = YES;
				INFOPLIST_KEY_UILaunchScreen_Generation = YES;
				INFOPLIST_KEY_UISupportedInterfaceOrientations_iPad = "UIInterfaceOrientationPortrait UIInterfaceOrientationPortraitUpsideDown UIInterfaceOrientationLandscapeLeft UIInterfaceOrientationLandscapeRight";
				INFOPLIST_KEY_UISupportedInterfaceOrientations_iPhone = "UIInterfaceOrientationPortrait UIInterfaceOrientationLandscapeLeft UIInterfaceOrientationLandscapeRight";
				LD_RUNPATH_SEARCH_PATHS = (
					"$(inherited)",
					"@executable_path/Frameworks",
				);
				MARKETING_VERSION = 1.0;
				PRODUCT_BUNDLE_IDENTIFIER = "com.example.SwiftUI-Journal";
				PRODUCT_NAME = "$(TARGET_NAME)";
				SWIFT_EMIT_LOC_STRINGS = YES;
				SWIFT_VERSION = 5.0;
				TARGETED_DEVICE_FAMILY = "1,2";
			};
			name = Release;
		};
		5FCC56FD29E5A2AF00739AE4 /* Debug */ = {
			isa = XCBuildConfiguration;
			buildSettings = {
				ALWAYS_EMBED_SWIFT_STANDARD_LIBRARIES = YES;
				BUNDLE_LOADER = "$(TEST_HOST)";
				CODE_SIGN_STYLE = Automatic;
				CURRENT_PROJECT_VERSION = 1;
				GENERATE_INFOPLIST_FILE = YES;
				IPHONEOS_DEPLOYMENT_TARGET = 16.4;
				MARKETING_VERSION = 1.0;
				PRODUCT_BUNDLE_IDENTIFIER = "com.example.SwiftUI-JournalTests";
				PRODUCT_NAME = "$(TARGET_NAME)";
				SWIFT_EMIT_LOC_STRINGS = NO;
				SWIFT_VERSION = 5.0;
				TARGETED_DEVICE_FAMILY = "1,2";
				TEST_HOST = "$(BUILT_PRODUCTS_DIR)/SwiftUI-Journal.app/$(BUNDLE_EXECUTABLE_FOLDER_PATH)/SwiftUI-Journal";
			};
			name = Debug;
		};
		5FCC56FE29E5A2AF00739AE4 /* Release */ = {
			isa = XCBuildConfiguration;
			buildSettings = {
				ALWAYS_EMBED_SWIFT_STANDARD_LIBRARIES = YES;
				BUNDLE_LOADER = "$(TEST_HOST)";
				CODE_SIGN_STYLE = Automatic;
				CURRENT_PROJECT_VERSION = 1;
				GENERATE_INFOPLIST_FILE = YES;
				IPHONEOS_DEPLOYMENT_TARGET = 16.4;
				MARKETING_VERSION = 1.0;
				PRODUCT_BUNDLE_IDENTIFIER = "com.example.SwiftUI-JournalTests";
				PRODUCT_NAME = "$(TARGET_NAME)";
				SWIFT_EMIT_LOC_STRINGS = NO;
				SWIFT_VERSION = 5.0;
				TARGETED_DEVICE_FAMILY = "1,2";
				TEST_HOST = "$(BUILT_PRODUCTS_DIR)/SwiftUI-Journal.app/$(BUNDLE_EXECUTABLE_FOLDER_PATH)/SwiftUI-Journal";
			};
			name = Release;
		};
		5FCC570029E5A2AF00739AE4 /* Debug */ = {
			isa = XCBuildConfiguration;
			buildSettings = {
				ALWAYS_EMBED_SWIFT_STANDARD_LIBRARIES = YES;
				CODE_SIGN_STYLE = Automatic;
				CURRENT_PROJECT_VERSION = 1;
				GENERATE_INFOPLIST_FILE = YES;
				MARKETING_VERSION = 1.0;
				PRODUCT_BUNDLE_IDENTIFIER = "com.example.SwiftUI-JournalUITests";
				PRODUCT_NAME = "$(TARGET_NAME)";
				SWIFT_EMIT_LOC_STRINGS = NO;
				SWIFT_VERSION = 5.0;
				TARGETED_DEVICE_FAMILY = "1,2";
				TEST_TARGET_NAME = "SwiftUI-Journal";
			};
			name = Debug;
		};
		5FCC570129E5A2AF00739AE4 /* Release */ = {
			isa = XCBuildConfiguration;
			buildSettings = {
				ALWAYS_EMBED_SWIFT_STANDARD_LIBRARIES = YES;
				CODE_SIGN_STYLE = Automatic;
				CURRENT_PROJECT_VERSION = 1;
				GENERATE_INFOPLIST_FILE = YES;
				MARKETING_VERSION = 1.0;
				PRODUCT_BUNDLE_IDENTIFIER = "com.example.SwiftUI-JournalUITests";
				PRODUCT_NAME = "$(TARGET_NAME)";
				SWIFT_EMIT_LOC_STRINGS = NO;
				SWIFT_VERSION = 5.0;
				TARGETED_DEVICE_FAMILY = "1,2";
				TEST_TARGET_NAME = "SwiftUI-Journal";
			};
			name = Release;
		};
/* End XCBuildConfiguration section */

/* Begin XCConfigurationList section */
		5FCC56D029E5A2AD00739AE4 /* Build configuration list for PBXProject "SwiftUI-Journal" */ = {
			isa = XCConfigurationList;
			buildConfigurations = (
				5FCC56F729E5A2AF00739AE4 /* Debug */,
				5FCC56F829E5A2AF00739AE4 /* Release */,
			);
			defaultConfigurationIsVisible = 0;
			defaultConfigurationName = Release;
		};
		5FCC56F929E5A2AF00739AE4 /* Build configuration list for PBXNativeTarget "SwiftUI-Journal" */ = {
			isa = XCConfigurationList;
			buildConfigurations = (
				5FCC56FA29E5A2AF00739AE4 /* Debug */,
				5FCC56FB29E5A2AF00739AE4 /* Release */,
			);
			defaultConfigurationIsVisible = 0;
			defaultConfigurationName = Release;
		};
		5FCC56FC29E5A2AF00739AE4 /* Build configuration list for PBXNativeTarget "SwiftUI-JournalTests" */ = {
			isa = XCConfigurationList;
			buildConfigurations = (
				5FCC56FD29E5A2AF00739AE4 /* Debug */,
				5FCC56FE29E5A2AF00739AE4 /* Release */,
			);
			defaultConfigurationIsVisible = 0;
			defaultConfigurationName = Release;
		};
		5FCC56FF29E5A2AF00739AE4 /* Build configuration list for PBXNativeTarget "SwiftUI-JournalUITests" */ = {
			isa = XCConfigurationList;
			buildConfigurations = (
				5FCC570029E5A2AF00739AE4 /* Debug */,
				5FCC570129E5A2AF00739AE4 /* Release */,
			);
			defaultConfigurationIsVisible = 0;
			defaultConfigurationName = Release;
		};
/* End XCConfigurationList section */
	};
	rootObject = 5FCC56CD29E5A2AD00739AE4 /* Project object */;
}
